{
  "version": 4,
  "terraform_version": "0.12.6",
  "serial": 8,
  "lineage": "b6c49337-1199-3f26-9487-59969947ce98",
  "outputs": {
    "publicipofinstance": {
      "value": "18.191.41.226",
      "type": "string"
    },
    "sgiddemo": {
      "value": [
        "sg-11fc1a72"
      ],
      "type": [
        "set",
        "string"
      ]
    }
  },
  "resources": [
    {
      "module": "module.creatinginstance",
      "mode": "managed",
      "type": "aws_instance",
      "name": "machine",
      "provider": "provider.aws",
      "instances": [
        {
          "schema_version": 1,
          "attributes": {
            "ami": "ami-02f706d959cedf892",
            "arn": "arn:aws:ec2:us-east-2:971100554701:instance/i-0f9b99d3eea24a66c",
            "associate_public_ip_address": true,
            "availability_zone": "us-east-2b",
            "cpu_core_count": 1,
            "cpu_threads_per_core": 1,
            "credit_specification": [
              {
                "cpu_credits": "standard"
              }
            ],
            "disable_api_termination": false,
            "ebs_block_device": [],
            "ebs_optimized": false,
            "ephemeral_block_device": [],
            "get_password_data": false,
            "host_id": null,
            "iam_instance_profile": "",
            "id": "i-0f9b99d3eea24a66c",
            "instance_initiated_shutdown_behavior": null,
            "instance_state": "running",
            "instance_type": "t2.micro",
            "ipv6_address_count": 0,
            "ipv6_addresses": [],
            "key_name": "testkey",
            "monitoring": false,
            "network_interface": [],
            "network_interface_id": null,
            "password_data": "",
            "placement_group": "",
            "primary_network_interface_id": "eni-0006446883cc18c27",
            "private_dns": "ip-172-31-31-86.us-east-2.compute.internal",
            "private_ip": "172.31.31.86",
            "public_dns": "ec2-18-191-41-226.us-east-2.compute.amazonaws.com",
            "public_ip": "18.191.41.226",
            "root_block_device": [
              {
                "delete_on_termination": true,
                "encrypted": false,
                "iops": 100,
                "kms_key_id": "",
                "volume_id": "vol-035d0a95250dcdd53",
                "volume_size": 8,
                "volume_type": "gp2"
              }
            ],
            "security_groups": [
              "default"
            ],
            "source_dest_check": true,
            "subnet_id": "subnet-07db977d",
            "tags": {
              "Name": "machineone"
            },
            "tenancy": "default",
            "timeouts": null,
            "user_data": null,
            "user_data_base64": null,
            "volume_tags": {},
            "vpc_security_group_ids": [
              "sg-11fc1a72"
            ]
          },
          "private": "eyJlMmJmYjczMC1lY2FhLTExZTYtOGY4OC0zNDM2M2JjN2M0YzAiOnsiY3JlYXRlIjo2MDAwMDAwMDAwMDAsImRlbGV0ZSI6MTIwMDAwMDAwMDAwMCwidXBkYXRlIjo2MDAwMDAwMDAwMDB9LCJzY2hlbWFfdmVyc2lvbiI6IjEifQ=="
        }
      ]
    },
    {
      "module": "module.keypair",
      "mode": "managed",
      "type": "aws_key_pair",
      "name": "testkey",
      "provider": "provider.aws",
      "instances": [
        {
          "schema_version": 1,
          "attributes": {
            "fingerprint": "e0:5c:e4:24:60:49:72:4f:e5:a6:f7:6a:dc:df:ce:9b",
            "id": "testkey",
            "key_name": "testkey",
            "key_name_prefix": null,
            "public_key": "ssh-rsa AAAAB3NzaC1yc2EAAAADAQABAAABAQDHPx/mSDdGeSn1CiCi6zPKqMMKwC9v13gYoTkbFp29RXY2purSnVbSJmODgrOT86amiyM8+Jr7SHLfoNrpzcviSqYjsKMsZH4izM2H/cWPjOEcb+Zur1fV8l6tDXyS75fjWCLD9iH0jslQ+ZzbH3oMv//qhXplg6V6E7011e4QaM9nBiOmlDicQKMXPnzuUMZOYD80hA3VBDWJsuZDJuhHB5MxbW1k+F1hq7Gu+fzn5zhzEbPhr9Pnkd2j2cncI7wauHxW24rijPyZ/mA7sCLWH1vHALao0wHpJBM3IVzaLQipYMnSM8+nDs1y/k268gh2rmuhjTVP6FExutVrnazl himanshurathi@Himanshus-MBP"
          },
          "private": "eyJzY2hlbWFfdmVyc2lvbiI6IjEifQ=="
        }
      ]
    }
  ]
}
