{
  "version": 4,
  "terraform_version": "0.12.6",
  "serial": 31,
  "lineage": "70b132c8-799d-e28d-0a94-ccd7773febbf",
  "outputs": {},
  "resources": [
    {
      "mode": "managed",
      "type": "aws_iam_user",
      "name": "users",
      "each": "list",
      "provider": "provider.aws",
      "instances": [
        {
          "index_key": 0,
          "schema_version": 0,
          "attributes": {
            "arn": "arn:aws:iam::971100554701:user/A",
            "force_destroy": false,
            "id": "A",
            "name": "A",
            "path": "/",
            "permissions_boundary": null,
            "tags": null,
            "unique_id": "AIDA6EGQ2QXG75LQLWGFA"
          },
          "private": "bnVsbA=="
        },
        {
          "index_key": 1,
          "schema_version": 0,
          "attributes": {
            "arn": "arn:aws:iam::971100554701:user/B",
            "force_destroy": false,
            "id": "B",
            "name": "B",
            "path": "/",
            "permissions_boundary": null,
            "tags": null,
            "unique_id": "AIDA6EGQ2QXGWHSRCVNIT"
          },
          "private": "bnVsbA=="
        },
        {
          "index_key": 2,
          "schema_version": 0,
          "attributes": {
            "arn": "arn:aws:iam::971100554701:user/C",
            "force_destroy": false,
            "id": "C",
            "name": "C",
            "path": "/",
            "permissions_boundary": null,
            "tags": null,
            "unique_id": "AIDA6EGQ2QXG6HAYHLYOK"
          },
          "private": "bnVsbA=="
        }
      ]
    }
  ]
}
